
Microsoft Visual Studio Solution File, Format Version 12.00
# Visual Studio Version 17
VisualStudioVersion = 17.3.32819.101
MinimumVisualStudioVersion = 10.0.40219.1
Project("{778DAE3C-4631-46EA-AA77-85C1314464D9}") = "CraftBandSquare45", "CraftBandSquare45.vbproj", "{E4FBF035-B4BA-4E1C-9C05-F0C454E8113C}"
EndProject
Project("{778DAE3C-4631-46EA-AA77-85C1314464D9}") = "CraftBand", "..\CraftBand\CraftBand.vbproj", "{86C5A0CD-DE41-47AD-941A-204AB84617C4}"
EndProject
Project("{778DAE3C-4631-46EA-AA77-85C1314464D9}") = "CraftBandSquare", "..\CraftBandSquare\CraftBandSquare.vbproj", "{962DC960-DAB3-4D91-8EAC-5088EC9E2841}"
EndProject
Global
	GlobalSection(SolutionConfigurationPlatforms) = preSolution
		Debug|Any CPU = Debug|Any CPU
		Release|Any CPU = Release|Any CPU
	EndGlobalSection
	GlobalSection(ProjectConfigurationPlatforms) = postSolution
		{E4FBF035-B4BA-4E1C-9C05-F0C454E8113C}.Debug|Any CPU.ActiveCfg = Debug|Any CPU
		{E4FBF035-B4BA-4E1C-9C05-F0C454E8113C}.Debug|Any CPU.Build.0 = Debug|Any CPU
		{E4FBF035-B4BA-4E1C-9C05-F0C454E8113C}.Release|Any CPU.ActiveCfg = Release|Any CPU
		{E4FBF035-B4BA-4E1C-9C05-F0C454E8113C}.Release|Any CPU.Build.0 = Release|Any CPU
		{86C5A0CD-DE41-47AD-941A-204AB84617C4}.Debug|Any CPU.ActiveCfg = Debug|Any CPU
		{86C5A0CD-DE41-47AD-941A-204AB84617C4}.Debug|Any CPU.Build.0 = Debug|Any CPU
		{86C5A0CD-DE41-47AD-941A-204AB84617C4}.Release|Any CPU.ActiveCfg = Release|Any CPU
		{86C5A0CD-DE41-47AD-941A-204AB84617C4}.Release|Any CPU.Build.0 = Release|Any CPU
		{962DC960-DAB3-4D91-8EAC-5088EC9E2841}.Debug|Any CPU.ActiveCfg = Debug|Any CPU
		{962DC960-DAB3-4D91-8EAC-5088EC9E2841}.Debug|Any CPU.Build.0 = Debug|Any CPU
		{962DC960-DAB3-4D91-8EAC-5088EC9E2841}.Release|Any CPU.ActiveCfg = Release|Any CPU
		{962DC960-DAB3-4D91-8EAC-5088EC9E2841}.Release|Any CPU.Build.0 = Release|Any CPU
	EndGlobalSection
	GlobalSection(SolutionProperties) = preSolution
		HideSolutionNode = FALSE
	EndGlobalSection
	GlobalSection(ExtensibilityGlobals) = postSolution
		SolutionGuid = {5F2002FC-8CD8-4769-96ED-008DBBCA3E09}
	EndGlobalSection
EndGlobal
